# THIS IS AN AUTOGENERATED FILE. DO NOT EDIT THIS FILE DIRECTLY.
# yarn lockfile v1


"@babel/runtime@^7.12.0", "@babel/runtime@^7.3.1", "@babel/runtime@^7.4.4", "@babel/runtime@^7.5.5", "@babel/runtime@^7.8.3", "@babel/runtime@^7.8.7":
  version "7.12.5"
  resolved "https://registry.npm.taobao.org/@babel/runtime/download/@babel/runtime-7.12.5.tgz?cache=0&sync_timestamp=1604442914006&other_urls=https%3A%2F%2Fregistry.npm.taobao.org%2F%40babel%2Fruntime%2Fdownload%2F%40babel%2Fruntime-7.12.5.tgz#410e7e487441e1b360c29be715d870d9b985882e"
  integrity sha1-QQ5+SHRB4bNgwpvnFdhw2bmFiC4=
  dependencies:
    regenerator-runtime "^0.13.4"

"@emotion/hash@^0.8.0":
  version "0.8.0"
  resolved "https://registry.npm.taobao.org/@emotion/hash/download/@emotion/hash-0.8.0.tgz#bbbff68978fefdbe68ccb533bc8cbe1d1afb5413"
  integrity sha1-u7/2iXj+/b5ozLUzvIy+HRr7VBM=

"@material-ui/core@4.11.0":
  version "4.11.0"
  resolved "https://registry.npm.taobao.org/@material-ui/core/download/@material-ui/core-4.11.0.tgz#b69b26e4553c9e53f2bfaf1053e216a0af9be15a"
  integrity sha1-tpsm5FU8nlPyv68QU+IWoK+b4Vo=
  dependencies:
    "@babel/runtime" "^7.4.4"
    "@material-ui/styles" "^4.10.0"
    "@material-ui/system" "^4.9.14"
    "@material-ui/types" "^5.1.0"
    "@material-ui/utils" "^4.10.2"
    "@types/react-transition-group" "^4.2.0"
    clsx "^1.0.4"
    hoist-non-react-statics "^3.3.2"
    popper.js "1.16.1-lts"
    prop-types "^15.7.2"
    react-is "^16.8.0"
    react-transition-group "^4.4.0"

"@material-ui/styles@^4.10.0":
  version "4.10.0"
  resolved "https://registry.npm.taobao.org/@material-ui/styles/download/@material-ui/styles-4.10.0.tgz#2406dc23aa358217aa8cc772e6237bd7f0544071"
  integrity sha1-JAbcI6o1gheqjMdy5iN71/BUQHE=
  dependencies:
    "@babel/runtime" "^7.4.4"
    "@emotion/hash" "^0.8.0"
    "@material-ui/types" "^5.1.0"
    "@material-ui/utils" "^4.9.6"
    clsx "^1.0.4"
    csstype "^2.5.2"
    hoist-non-react-statics "^3.3.2"
    jss "^10.0.3"
    jss-plugin-camel-case "^10.0.3"
    jss-plugin-default-unit "^10.0.3"
    jss-plugin-global "^10.0.3"
    jss-plugin-nested "^10.0.3"
    jss-plugin-props-sort "^10.0.3"
    jss-plugin-rule-value-function "^10.0.3"
    jss-plugin-vendor-prefixer "^10.0.3"
    prop-types "^15.7.2"

"@material-ui/system@^4.9.14":
  version "4.9.14"
  resolved "https://registry.npm.taobao.org/@material-ui/system/download/@material-ui/system-4.9.14.tgz#4b00c48b569340cefb2036d0596b93ac6c587a5f"
  integrity sha1-SwDEi1aTQM77IDbQWWuTrGxYel8=
  dependencies:
    "@babel/runtime" "^7.4.4"
    "@material-ui/utils" "^4.9.6"
    csstype "^2.5.2"
    prop-types "^15.7.2"

"@material-ui/types@^5.1.0":
  version "5.1.0"
  resolved "https://registry.npm.taobao.org/@material-ui/types/download/@material-ui/types-5.1.0.tgz#efa1c7a0b0eaa4c7c87ac0390445f0f88b0d88f2"
  integrity sha1-76HHoLDqpMfIesA5BEXw+IsNiPI=

"@material-ui/utils@^4.10.2", "@material-ui/utils@^4.9.6":
  version "4.10.2"
  resolved "https://registry.npm.taobao.org/@material-ui/utils/download/@material-ui/utils-4.10.2.tgz#3fd5470ca61b7341f1e0468ac8f29a70bf6df321"
  integrity sha1-P9VHDKYbc0Hx4EaKyPKacL9t8yE=
  dependencies:
    "@babel/runtime" "^7.4.4"
    prop-types "^15.7.2"
    react-is "^16.8.0"

"@next/env@12.1.0":
  version "12.1.0"
  resolved "https://registry.yarnpkg.com/@next/env/-/env-12.1.0.tgz#73713399399b34aa5a01771fb73272b55b22c314"
  integrity sha512-nrIgY6t17FQ9xxwH3jj0a6EOiQ/WDHUos35Hghtr+SWN/ntHIQ7UpuvSi0vaLzZVHQWaDupKI+liO5vANcDeTQ==

"@next/swc-android-arm64@12.1.0":
  version "12.1.0"
  resolved "https://registry.yarnpkg.com/@next/swc-android-arm64/-/swc-android-arm64-12.1.0.tgz#865ba3a9afc204ff2bdeea49dd64d58705007a39"
  integrity sha512-/280MLdZe0W03stA69iL+v6I+J1ascrQ6FrXBlXGCsGzrfMaGr7fskMa0T5AhQIVQD4nA/46QQWxG//DYuFBcA==

"@next/swc-darwin-arm64@12.1.0":
  version "12.1.0"
  resolved "https://registry.yarnpkg.com/@next/swc-darwin-arm64/-/swc-darwin-arm64-12.1.0.tgz#08e8b411b8accd095009ed12efbc2f1d4d547135"
  integrity sha512-R8vcXE2/iONJ1Unf5Ptqjk6LRW3bggH+8drNkkzH4FLEQkHtELhvcmJwkXcuipyQCsIakldAXhRbZmm3YN1vXg==

"@next/swc-darwin-x64@12.1.0":
  version "12.1.0"
  resolved "https://registry.yarnpkg.com/@next/swc-darwin-x64/-/swc-darwin-x64-12.1.0.tgz#fcd684497a76e8feaca88db3c394480ff0b007cd"
  integrity sha512-ieAz0/J0PhmbZBB8+EA/JGdhRHBogF8BWaeqR7hwveb6SYEIJaDNQy0I+ZN8gF8hLj63bEDxJAs/cEhdnTq+ug==

"@next/swc-linux-arm-gnueabihf@12.1.0":
  version "12.1.0"
  resolved "https://registry.yarnpkg.com/@next/swc-linux-arm-gnueabihf/-/swc-linux-arm-gnueabihf-12.1.0.tgz#9ec6380a27938a5799aaa6035c205b3c478468a7"
  integrity sha512-njUd9hpl6o6A5d08dC0cKAgXKCzm5fFtgGe6i0eko8IAdtAPbtHxtpre3VeSxdZvuGFh+hb0REySQP9T1ttkog==

"@next/swc-linux-arm64-gnu@12.1.0":
  version "12.1.0"
  resolved "https://registry.yarnpkg.com/@next/swc-linux-arm64-gnu/-/swc-linux-arm64-gnu-12.1.0.tgz#7f4196dff1049cea479607c75b81033ae2dbd093"
  integrity sha512-OqangJLkRxVxMhDtcb7Qn1xjzFA3s50EIxY7mljbSCLybU+sByPaWAHY4px97ieOlr2y4S0xdPKkQ3BCAwyo6Q==

"@next/swc-linux-arm64-musl@12.1.0":
  version "12.1.0"
  resolved "https://registry.yarnpkg.com/@next/swc-linux-arm64-musl/-/swc-linux-arm64-musl-12.1.0.tgz#b445f767569cdc2dddee785ca495e1a88c025566"
  integrity sha512-hB8cLSt4GdmOpcwRe2UzI5UWn6HHO/vLkr5OTuNvCJ5xGDwpPXelVkYW/0+C3g5axbDW2Tym4S+MQCkkH9QfWA==

"@next/swc-linux-x64-gnu@12.1.0":
  version "12.1.0"
  resolved "https://registry.yarnpkg.com/@next/swc-linux-x64-gnu/-/swc-linux-x64-gnu-12.1.0.tgz#67610e9be4fbc987de7535f1bcb17e45fe12f90e"
  integrity sha512-OKO4R/digvrVuweSw/uBM4nSdyzsBV5EwkUeeG4KVpkIZEe64ZwRpnFB65bC6hGwxIBnTv5NMSnJ+0K/WmG78A==

"@next/swc-linux-x64-musl@12.1.0":
  version "12.1.0"
  resolved "https://registry.yarnpkg.com/@next/swc-linux-x64-musl/-/swc-linux-x64-musl-12.1.0.tgz#ea19a23db08a9f2e34ac30401f774cf7d1669d31"
  integrity sha512-JohhgAHZvOD3rQY7tlp7NlmvtvYHBYgY0x5ZCecUT6eCCcl9lv6iV3nfu82ErkxNk1H893fqH0FUpznZ/H3pSw==

"@next/swc-win32-arm64-msvc@12.1.0":
  version "12.1.0"
  resolved "https://registry.yarnpkg.com/@next/swc-win32-arm64-msvc/-/swc-win32-arm64-msvc-12.1.0.tgz#eadf054fc412085659b98e145435bbba200b5283"
  integrity sha512-T/3gIE6QEfKIJ4dmJk75v9hhNiYZhQYAoYm4iVo1TgcsuaKLFa+zMPh4056AHiG6n9tn2UQ1CFE8EoybEsqsSw==

"@next/swc-win32-ia32-msvc@12.1.0":
  version "12.1.0"
  resolved "https://registry.yarnpkg.com/@next/swc-win32-ia32-msvc/-/swc-win32-ia32-msvc-12.1.0.tgz#68faeae10c89f698bf9d28759172b74c9c21bda1"
  integrity sha512-iwnKgHJdqhIW19H9PRPM9j55V6RdcOo6rX+5imx832BCWzkDbyomWnlzBfr6ByUYfhohb8QuH4hSGEikpPqI0Q==

"@next/swc-win32-x64-msvc@12.1.0":
  version "12.1.0"
  resolved "https://registry.yarnpkg.com/@next/swc-win32-x64-msvc/-/swc-win32-x64-msvc-12.1.0.tgz#d27e7e76c87a460a4da99c5bfdb1618dcd6cd064"
  integrity sha512-aBvcbMwuanDH4EMrL2TthNJy+4nP59Bimn8egqv6GHMVj0a44cU6Au4PjOhLNqEh9l+IpRGBqMTzec94UdC5xg==

"@types/body-parser@*":
  version "1.19.0"
  resolved "https://registry.npm.taobao.org/@types/body-parser/download/@types/body-parser-1.19.0.tgz#0685b3c47eb3006ffed117cdd55164b61f80538f"
  integrity sha1-BoWzxH6zAG/+0RfN1VFkth+AU48=
  dependencies:
    "@types/connect" "*"
    "@types/node" "*"

"@types/connect@*":
  version "3.4.33"
  resolved "https://registry.npm.taobao.org/@types/connect/download/@types/connect-3.4.33.tgz#31610c901eca573b8713c3330abc6e6b9f588546"
  integrity sha1-MWEMkB7KVzuHE8MzCrxua59YhUY=
  dependencies:
    "@types/node" "*"

"@types/express-serve-static-core@*":
  version "4.17.13"
  resolved "https://registry.npm.taobao.org/@types/express-serve-static-core/download/@types/express-serve-static-core-4.17.13.tgz#d9af025e925fc8b089be37423b8d1eac781be084"
  integrity sha1-2a8CXpJfyLCJvjdCO40erHgb4IQ=
  dependencies:
    "@types/node" "*"
    "@types/qs" "*"
    "@types/range-parser" "*"

"@types/express@^4.16.1":
  version "4.17.9"
  resolved "https://registry.npm.taobao.org/@types/express/download/@types/express-4.17.9.tgz?cache=0&sync_timestamp=1605057575658&other_urls=https%3A%2F%2Fregistry.npm.taobao.org%2F%40types%2Fexpress%2Fdownload%2F%40types%2Fexpress-4.17.9.tgz#f5f2df6add703ff28428add52bdec8a1091b0a78"
  integrity sha1-9fLfat1wP/KEKK3VK97IoQkbCng=
  dependencies:
    "@types/body-parser" "*"
    "@types/express-serve-static-core" "*"
    "@types/qs" "*"
    "@types/serve-static" "*"

"@types/mime@*":
  version "2.0.3"
  resolved "https://registry.npm.taobao.org/@types/mime/download/@types/mime-2.0.3.tgz?cache=0&other_urls=https%3A%2F%2Fregistry.npm.taobao.org%2F%40types%2Fmime%2Fdownload%2F%40types%2Fmime-2.0.3.tgz#c893b73721db73699943bfc3653b1deb7faa4a3a"
  integrity sha1-yJO3NyHbc2mZQ7/DZTsd63+qSjo=

"@types/node@*":
  version "14.14.7"
  resolved "https://registry.npm.taobao.org/@types/node/download/@types/node-14.14.7.tgz?cache=0&sync_timestamp=1604951305221&other_urls=https%3A%2F%2Fregistry.npm.taobao.org%2F%40types%2Fnode%2Fdownload%2F%40types%2Fnode-14.14.7.tgz#8ea1e8f8eae2430cf440564b98c6dfce1ec5945d"
  integrity sha1-jqHo+OriQwz0QFZLmMbfzh7FlF0=

"@types/prop-types@*":
  version "15.7.3"
  resolved "https://registry.npm.taobao.org/@types/prop-types/download/@types/prop-types-15.7.3.tgz#2ab0d5da2e5815f94b0b9d4b95d1e5f243ab2ca7"
  integrity sha1-KrDV2i5YFflLC51LldHl8kOrLKc=

"@types/qs@*":
  version "6.9.5"
  resolved "https://registry.npm.taobao.org/@types/qs/download/@types/qs-6.9.5.tgz?cache=0&sync_timestamp=1605055213283&other_urls=https%3A%2F%2Fregistry.npm.taobao.org%2F%40types%2Fqs%2Fdownload%2F%40types%2Fqs-6.9.5.tgz#434711bdd49eb5ee69d90c1d67c354a9a8ecb18b"
  integrity sha1-Q0cRvdSete5p2QwdZ8NUqajssYs=

"@types/range-parser@*":
  version "1.2.3"
  resolved "https://registry.npm.taobao.org/@types/range-parser/download/@types/range-parser-1.2.3.tgz?cache=0&sync_timestamp=1605055212833&other_urls=https%3A%2F%2Fregistry.npm.taobao.org%2F%40types%2Frange-parser%2Fdownload%2F%40types%2Frange-parser-1.2.3.tgz#7ee330ba7caafb98090bece86a5ee44115904c2c"
  integrity sha1-fuMwunyq+5gJC+zoal7kQRWQTCw=

"@types/react-transition-group@^4.2.0":
  version "4.4.0"
  resolved "https://registry.npm.taobao.org/@types/react-transition-group/download/@types/react-transition-group-4.4.0.tgz?cache=0&sync_timestamp=1605057436953&other_urls=https%3A%2F%2Fregistry.npm.taobao.org%2F%40types%2Freact-transition-group%2Fdownload%2F%40types%2Freact-transition-group-4.4.0.tgz#882839db465df1320e4753e6e9f70ca7e9b4d46d"
  integrity sha1-iCg520Zd8TIOR1Pm6fcMp+m01G0=
  dependencies:
    "@types/react" "*"

"@types/react@*":
  version "16.9.56"
  resolved "https://registry.npm.taobao.org/@types/react/download/@types/react-16.9.56.tgz#ea25847b53c5bec064933095fc366b1462e2adf0"
  integrity sha1-6iWEe1PFvsBkkzCV/DZrFGLirfA=
  dependencies:
    "@types/prop-types" "*"
    csstype "^3.0.2"

"@types/serve-static@*":
  version "1.13.7"
  resolved "https://registry.npm.taobao.org/@types/serve-static/download/@types/serve-static-1.13.7.tgz?cache=0&sync_timestamp=1605057576638&other_urls=https%3A%2F%2Fregistry.npm.taobao.org%2F%40types%2Fserve-static%2Fdownload%2F%40types%2Fserve-static-1.13.7.tgz#e51b51a0becda910f9fd04c718044da69d6c492e"
  integrity sha1-5RtRoL7NqRD5/QTHGARNpp1sSS4=
  dependencies:
    "@types/mime" "*"
    "@types/node" "*"

caniuse-lite@^1.0.30001283:
  version "1.0.30001312"
  resolved "https://registry.yarnpkg.com/caniuse-lite/-/caniuse-lite-1.0.30001312.tgz#e11eba4b87e24d22697dae05455d5aea28550d5f"
  integrity sha512-Wiz1Psk2MEK0pX3rUzWaunLTZzqS2JYZFzNKqAiJGiuxIjRPLgV6+VDPOg6lQOUxmDwhTlh198JsTTi8Hzw6aQ==

clsx@1.1.1, clsx@^1.0.4:
  version "1.1.1"
  resolved "https://registry.npm.taobao.org/clsx/download/clsx-1.1.1.tgz#98b3134f9abbdf23b2663491ace13c5c03a73188"
  integrity sha1-mLMTT5q73yOyZjSRrOE8XAOnMYg=

core-js@^3:
  version "3.7.0"
  resolved "https://registry.npm.taobao.org/core-js/download/core-js-3.7.0.tgz?cache=0&sync_timestamp=1604675498528&other_urls=https%3A%2F%2Fregistry.npm.taobao.org%2Fcore-js%2Fdownload%2Fcore-js-3.7.0.tgz#b0a761a02488577afbf97179e4681bf49568520f"
  integrity sha1-sKdhoCSIV3r7+XF55Ggb9JVoUg8=

css-vendor@^2.0.8:
  version "2.0.8"
  resolved "https://registry.npm.taobao.org/css-vendor/download/css-vendor-2.0.8.tgz#e47f91d3bd3117d49180a3c935e62e3d9f7f449d"
  integrity sha1-5H+R070xF9SRgKPJNeYuPZ9/RJ0=
  dependencies:
    "@babel/runtime" "^7.8.3"
    is-in-browser "^1.0.2"

csstype@^2.5.2:
  version "2.6.13"
  resolved "https://registry.npm.taobao.org/csstype/download/csstype-2.6.13.tgz#a6893015b90e84dd6e85d0e3b442a1e84f2dbe0f"
  integrity sha1-pokwFbkOhN1uhdDjtEKh6E8tvg8=

csstype@^3.0.2:
  version "3.0.4"
  resolved "https://registry.npm.taobao.org/csstype/download/csstype-3.0.4.tgz#b156d7be03b84ff425c9a0a4b1e5f4da9c5ca888"
  integrity sha1-sVbXvgO4T/QlyaCkseX02pxcqIg=

dom-helpers@^5.0.1:
  version "5.2.0"
  resolved "https://registry.npm.taobao.org/dom-helpers/download/dom-helpers-5.2.0.tgz?cache=0&sync_timestamp=1596414637781&other_urls=https%3A%2F%2Fregistry.npm.taobao.org%2Fdom-helpers%2Fdownload%2Fdom-helpers-5.2.0.tgz#57fd054c5f8f34c52a3eeffdb7e7e93cd357d95b"
  integrity sha1-V/0FTF+PNMUqPu/9t+fpPNNX2Vs=
  dependencies:
    "@babel/runtime" "^7.8.7"
    csstype "^3.0.2"

hoist-non-react-statics@^3.2.0, hoist-non-react-statics@^3.3.2:
  version "3.3.2"
  resolved "https://registry.npm.taobao.org/hoist-non-react-statics/download/hoist-non-react-statics-3.3.2.tgz#ece0acaf71d62c2969c2ec59feff42a4b1a85b45"
  integrity sha1-7OCsr3HWLClpwuxZ/v9CpLGoW0U=
  dependencies:
    react-is "^16.7.0"

html-parse-stringify2@2.0.1:
  version "2.0.1"
  resolved "https://registry.npm.taobao.org/html-parse-stringify2/download/html-parse-stringify2-2.0.1.tgz#dc5670b7292ca158b7bc916c9a6735ac8872834a"
  integrity sha1-3FZwtyksoVi3vJFsmmc1rIhyg0o=
  dependencies:
    void-elements "^2.0.1"

http-errors@~1.4.0:
  version "1.4.0"
  resolved "https://registry.npm.taobao.org/http-errors/download/http-errors-1.4.0.tgz?cache=0&sync_timestamp=1593407710477&other_urls=https%3A%2F%2Fregistry.npm.taobao.org%2Fhttp-errors%2Fdownload%2Fhttp-errors-1.4.0.tgz#6c0242dea6b3df7afda153c71089b31c6e82aabf"
  integrity sha1-bAJC3qaz33r9oVPHEImzHG6Cqr8=
  dependencies:
    inherits "2.0.1"
    statuses ">= 1.2.1 < 2"

hyphenate-style-name@^1.0.3:
  version "1.0.4"
  resolved "https://registry.npm.taobao.org/hyphenate-style-name/download/hyphenate-style-name-1.0.4.tgz#691879af8e220aea5750e8827db4ef62a54e361d"
  integrity sha1-aRh5r44iCupXUOiCfbTvYqVONh0=

i18next-browser-languagedetector@^5.0.0:
  version "5.0.1"
  resolved "https://registry.npm.taobao.org/i18next-browser-languagedetector/download/i18next-browser-languagedetector-5.0.1.tgz#02a18f57f79b5de06279feb9a84c80ea4dde7da9"
  integrity sha1-AqGPV/ebXeBief65qEyA6k3efak=
  dependencies:
    "@babel/runtime" "^7.5.5"

i18next-fs-backend@^1.0.7:
  version "1.0.7"
  resolved "https://registry.npm.taobao.org/i18next-fs-backend/download/i18next-fs-backend-1.0.7.tgz#00ca4587e306f8948740408389dda73461a5d07f"
  integrity sha1-AMpFh+MG+JSHQECDid2nNGGl0H8=

i18next-http-backend@^1.0.17:
  version "1.0.21"
  resolved "https://registry.npm.taobao.org/i18next-http-backend/download/i18next-http-backend-1.0.21.tgz#cee901b3527dad5165fa91de973b6aa6404c1c37"
  integrity sha1-zukBs1J9rVFl+pHelztqpkBMHDc=
  dependencies:
    node-fetch "2.6.1"

i18next-http-middleware@^3.0.2:
  version "3.0.6"
  resolved "https://registry.npm.taobao.org/i18next-http-middleware/download/i18next-http-middleware-3.0.6.tgz#79c4fbac8fbf5a610152ef7bd80e4ab02c5a3032"
  integrity sha1-ecT7rI+/WmEBUu972A5KsCxaMDI=

i18next@^19.6.3:
  version "19.8.3"
  resolved "https://registry.npm.taobao.org/i18next/download/i18next-19.8.3.tgz#10df7222db8c23389b13bceb9ba67a5e20a0241e"
  integrity sha1-EN9yItuMIzibE7zrm6Z6XiCgJB4=
  dependencies:
    "@babel/runtime" "^7.12.0"

inherits@2.0.1:
  version "2.0.1"
  resolved "https://registry.npm.taobao.org/inherits/download/inherits-2.0.1.tgz#b17d08d326b4423e568eff719f91b0b1cbdf69f1"
  integrity sha1-sX0I0ya0Qj5Wjv9xn5GwscvfafE=

is-in-browser@^1.0.2, is-in-browser@^1.1.3:
  version "1.1.3"
  resolved "https://registry.npm.taobao.org/is-in-browser/download/is-in-browser-1.1.3.tgz#56ff4db683a078c6082eb95dad7dc62e1d04f835"
  integrity sha1-Vv9NtoOgeMYILrldrX3GLh0E+DU=

isarray@0.0.1:
  version "0.0.1"
  resolved "https://registry.npm.taobao.org/isarray/download/isarray-0.0.1.tgz#8a18acfca9a8f4177e09abfc6038939b05d1eedf"
  integrity sha1-ihis/Kmo9Bd+Cav8YDiTmwXR7t8=

"js-tokens@^3.0.0 || ^4.0.0":
  version "4.0.0"
  resolved "https://registry.npm.taobao.org/js-tokens/download/js-tokens-4.0.0.tgz#19203fb59991df98e3a287050d4647cdeaf32499"
  integrity sha1-GSA/tZmR35jjoocFDUZHzerzJJk=

jss-plugin-camel-case@^10.0.3:
  version "10.4.0"
  resolved "https://registry.npm.taobao.org/jss-plugin-camel-case/download/jss-plugin-camel-case-10.4.0.tgz#46c75ff7fd61c304984c21af5817823f0f501ceb"
  integrity sha1-Rsdf9/1hwwSYTCGvWBeCPw9QHOs=
  dependencies:
    "@babel/runtime" "^7.3.1"
    hyphenate-style-name "^1.0.3"
    jss "10.4.0"

jss-plugin-default-unit@^10.0.3:
  version "10.4.0"
  resolved "https://registry.npm.taobao.org/jss-plugin-default-unit/download/jss-plugin-default-unit-10.4.0.tgz#2b10f01269eaea7f36f0f5fd1cfbfcc76ed42854"
  integrity sha1-KxDwEmnq6n828PX9HPv8x27UKFQ=
  dependencies:
    "@babel/runtime" "^7.3.1"
    jss "10.4.0"

jss-plugin-global@^10.0.3:
  version "10.4.0"
  resolved "https://registry.npm.taobao.org/jss-plugin-global/download/jss-plugin-global-10.4.0.tgz#19449425a94e4e74e113139b629fd44d3577f97d"
  integrity sha1-GUSUJalOTnThExObYp/UTTV3+X0=
  dependencies:
    "@babel/runtime" "^7.3.1"
    jss "10.4.0"

jss-plugin-nested@^10.0.3:
  version "10.4.0"
  resolved "https://registry.npm.taobao.org/jss-plugin-nested/download/jss-plugin-nested-10.4.0.tgz#017d0c02c0b6b454fd9d7d3fc33470a15eea9fd1"
  integrity sha1-AX0MAsC2tFT9nX0/wzRwoV7qn9E=
  dependencies:
    "@babel/runtime" "^7.3.1"
    jss "10.4.0"
    tiny-warning "^1.0.2"

jss-plugin-props-sort@^10.0.3:
  version "10.4.0"
  resolved "https://registry.npm.taobao.org/jss-plugin-props-sort/download/jss-plugin-props-sort-10.4.0.tgz#7110bf0b6049cc2080b220b506532bf0b70c0e07"
  integrity sha1-cRC/C2BJzCCAsiC1BlMr8LcMDgc=
  dependencies:
    "@babel/runtime" "^7.3.1"
    jss "10.4.0"

jss-plugin-rule-value-function@^10.0.3:
  version "10.4.0"
  resolved "https://registry.npm.taobao.org/jss-plugin-rule-value-function/download/jss-plugin-rule-value-function-10.4.0.tgz#7cff4a91e84973536fa49b6ebbdbf7f339b01c82"
  integrity sha1-fP9KkehJc1NvpJtuu9v38zmwHII=
  dependencies:
    "@babel/runtime" "^7.3.1"
    jss "10.4.0"
    tiny-warning "^1.0.2"

jss-plugin-vendor-prefixer@^10.0.3:
  version "10.4.0"
  resolved "https://registry.npm.taobao.org/jss-plugin-vendor-prefixer/download/jss-plugin-vendor-prefixer-10.4.0.tgz#2a78f3c5d57d1e024fe7ad7c41de34d04e72ecc0"
  integrity sha1-KnjzxdV9HgJP5618Qd400E5y7MA=
  dependencies:
    "@babel/runtime" "^7.3.1"
    css-vendor "^2.0.8"
    jss "10.4.0"

jss@10.4.0, jss@^10.0.3:
  version "10.4.0"
  resolved "https://registry.npm.taobao.org/jss/download/jss-10.4.0.tgz#473a6fbe42e85441020a07e9519dac1e8a2e79ca"
  integrity sha1-RzpvvkLoVEECCgfpUZ2sHooueco=
  dependencies:
    "@babel/runtime" "^7.3.1"
    csstype "^3.0.2"
    is-in-browser "^1.1.3"
    tiny-warning "^1.0.2"

loose-envify@^1.1.0, loose-envify@^1.4.0:
  version "1.4.0"
  resolved "https://registry.npm.taobao.org/loose-envify/download/loose-envify-1.4.0.tgz#71ee51fa7be4caec1a63839f7e682d8132d30caf"
  integrity sha1-ce5R+nvkyuwaY4OffmgtgTLTDK8=
  dependencies:
    js-tokens "^3.0.0 || ^4.0.0"

mdi-material-ui@^6.20.0:
  version "6.20.0"
  resolved "https://registry.npm.taobao.org/mdi-material-ui/download/mdi-material-ui-6.20.0.tgz#531dcf36f87cae93130dfc537feb48bdf89dd4f6"
  integrity sha1-Ux3PNvh8rpMTDfxTf+tIvfid1PY=

nanoid@^3.1.30:
  version "3.3.1"
  resolved "https://registry.yarnpkg.com/nanoid/-/nanoid-3.3.1.tgz#6347a18cac88af88f58af0b3594b723d5e99bb35"
  integrity sha512-n6Vs/3KGyxPQd6uO0eH4Bv0ojGSUvuLlIHtC3Y0kEO23YRge8H9x1GCzLn28YX0H66pMkxuaeESFq4tKISKwdw==

next-i18next@^7.0.1:
  version "7.0.1"
  resolved "https://registry.npm.taobao.org/next-i18next/download/next-i18next-7.0.1.tgz#5109b43cf374df633dc8100b5ed60ba4f0977294"
  integrity sha1-UQm0PPN032M9yBALXtYLpPCXcpQ=
  dependencies:
    "@types/express" "^4.16.1"
    core-js "^3"
    hoist-non-react-statics "^3.2.0"
    i18next "^19.6.3"
    i18next-browser-languagedetector "^5.0.0"
    i18next-fs-backend "^1.0.7"
    i18next-http-backend "^1.0.17"
    i18next-http-middleware "^3.0.2"
    path-match "^1.2.4"
    prop-types "^15.6.2"
    react-i18next "^11.7.3"
    url "^0.11.0"

next@12.1.0:
  version "12.1.0"
  resolved "https://registry.yarnpkg.com/next/-/next-12.1.0.tgz#c33d753b644be92fc58e06e5a214f143da61dd5d"
  integrity sha512-s885kWvnIlxsUFHq9UGyIyLiuD0G3BUC/xrH0CEnH5lHEWkwQcHOORgbDF0hbrW9vr/7am4ETfX4A7M6DjrE7Q==
  dependencies:
    "@next/env" "12.1.0"
    caniuse-lite "^1.0.30001283"
    postcss "8.4.5"
    styled-jsx "5.0.0"
    use-subscription "1.5.1"
  optionalDependencies:
    "@next/swc-android-arm64" "12.1.0"
    "@next/swc-darwin-arm64" "12.1.0"
    "@next/swc-darwin-x64" "12.1.0"
    "@next/swc-linux-arm-gnueabihf" "12.1.0"
    "@next/swc-linux-arm64-gnu" "12.1.0"
    "@next/swc-linux-arm64-musl" "12.1.0"
    "@next/swc-linux-x64-gnu" "12.1.0"
    "@next/swc-linux-x64-musl" "12.1.0"
    "@next/swc-win32-arm64-msvc" "12.1.0"
    "@next/swc-win32-ia32-msvc" "12.1.0"
    "@next/swc-win32-x64-msvc" "12.1.0"

node-fetch@2.6.1:
  version "2.6.1"
  resolved "https://registry.npm.taobao.org/node-fetch/download/node-fetch-2.6.1.tgz?cache=0&sync_timestamp=1599309449191&other_urls=https%3A%2F%2Fregistry.npm.taobao.org%2Fnode-fetch%2Fdownload%2Fnode-fetch-2.6.1.tgz#045bd323631f76ed2e2b55573394416b639a0052"
  integrity sha1-BFvTI2Mfdu0uK1VXM5RBa2OaAFI=

object-assign@^4.1.1:
  version "4.1.1"
  resolved "https://registry.npm.taobao.org/object-assign/download/object-assign-4.1.1.tgz#2109adc7965887cfc05cbbd442cac8bfbb360863"
  integrity sha1-IQmtx5ZYh8/AXLvUQsrIv7s2CGM=

path-match@^1.2.4:
  version "1.2.4"
  resolved "https://registry.npm.taobao.org/path-match/download/path-match-1.2.4.tgz#a62747f3c7e0c2514762697f24443585b09100ea"
  integrity sha1-pidH88fgwlFHYml/JEQ1hbCRAOo=
  dependencies:
    http-errors "~1.4.0"
    path-to-regexp "^1.0.0"

path-to-regexp@^1.0.0:
  version "1.8.0"
  resolved "https://registry.npm.taobao.org/path-to-regexp/download/path-to-regexp-1.8.0.tgz?cache=0&sync_timestamp=1601400433519&other_urls=https%3A%2F%2Fregistry.npm.taobao.org%2Fpath-to-regexp%2Fdownload%2Fpath-to-regexp-1.8.0.tgz#887b3ba9d84393e87a0a0b9f4cb756198b53548a"
  integrity sha1-iHs7qdhDk+h6CgufTLdWGYtTVIo=
  dependencies:
    isarray "0.0.1"

picocolors@^1.0.0:
  version "1.0.0"
  resolved "https://registry.yarnpkg.com/picocolors/-/picocolors-1.0.0.tgz#cb5bdc74ff3f51892236eaf79d68bc44564ab81c"
  integrity sha512-1fygroTLlHu66zi26VoTDv8yRgm0Fccecssto+MhsZ0D/DGW2sm8E8AjW7NU5VVTRt5GxbeZ5qBuJr+HyLYkjQ==

popper.js@1.16.1-lts:
  version "1.16.1-lts"
  resolved "https://registry.npm.taobao.org/popper.js/download/popper.js-1.16.1-lts.tgz#cf6847b807da3799d80ee3d6d2f90df8a3f50b05"
  integrity sha1-z2hHuAfaN5nYDuPW0vkN+KP1CwU=

postcss@8.4.5:
  version "8.4.5"
  resolved "https://registry.yarnpkg.com/postcss/-/postcss-8.4.5.tgz#bae665764dfd4c6fcc24dc0fdf7e7aa00cc77f95"
  integrity sha512-jBDboWM8qpaqwkMwItqTQTiFikhs/67OYVvblFFTM7MrZjt6yMKd6r2kgXizEbTTljacm4NldIlZnhbjr84QYg==
  dependencies:
    nanoid "^3.1.30"
    picocolors "^1.0.0"
    source-map-js "^1.0.1"

prop-types@15.7.2, prop-types@^15.6.2, prop-types@^15.7.2:
  version "15.7.2"
  resolved "https://registry.npm.taobao.org/prop-types/download/prop-types-15.7.2.tgz#52c41e75b8c87e72b9d9360e0206b99dcbffa6c5"
  integrity sha1-UsQedbjIfnK52TYOAga5ncv/psU=
  dependencies:
    loose-envify "^1.4.0"
    object-assign "^4.1.1"
    react-is "^16.8.1"

punycode@1.3.2:
  version "1.3.2"
  resolved "https://registry.npm.taobao.org/punycode/download/punycode-1.3.2.tgz#9653a036fb7c1ee42342f2325cceefea3926c48d"
  integrity sha1-llOgNvt8HuQjQvIyXM7v6jkmxI0=

querystring@0.2.0:
  version "0.2.0"
  resolved "https://registry.npm.taobao.org/querystring/download/querystring-0.2.0.tgz#b209849203bb25df820da756e747005878521620"
  integrity sha1-sgmEkgO7Jd+CDadW50cAWHhSFiA=

react-dom@17.0.1:
  version "17.0.1"
  resolved "https://registry.npm.taobao.org/react-dom/download/react-dom-17.0.1.tgz?cache=0&sync_timestamp=1603367634407&other_urls=https%3A%2F%2Fregistry.npm.taobao.org%2Freact-dom%2Fdownload%2Freact-dom-17.0.1.tgz#1de2560474ec9f0e334285662ede52dbc5426fc6"
  integrity sha1-HeJWBHTsnw4zQoVmLt5S28VCb8Y=
  dependencies:
    loose-envify "^1.1.0"
    object-assign "^4.1.1"
    scheduler "^0.20.1"

react-i18next@^11.7.3:
  version "11.7.3"
  resolved "https://registry.npm.taobao.org/react-i18next/download/react-i18next-11.7.3.tgz#256461c46baf5b3208c3c6860ca4e569fc7ed053"
  integrity sha1-JWRhxGuvWzIIw8aGDKTlafx+0FM=
  dependencies:
    "@babel/runtime" "^7.3.1"
    html-parse-stringify2 "2.0.1"

react-is@^16.7.0, react-is@^16.8.0, react-is@^16.8.1:
  version "16.13.1"
  resolved "https://registry.npm.taobao.org/react-is/download/react-is-16.13.1.tgz?cache=0&sync_timestamp=1603367632728&other_urls=https%3A%2F%2Fregistry.npm.taobao.org%2Freact-is%2Fdownload%2Freact-is-16.13.1.tgz#789729a4dc36de2999dc156dd6c1d9c18cea56a4"
  integrity sha1-eJcppNw23imZ3BVt1sHZwYzqVqQ=

react-transition-group@^4.4.0:
  version "4.4.1"
  resolved "https://registry.npm.taobao.org/react-transition-group/download/react-transition-group-4.4.1.tgz#63868f9325a38ea5ee9535d828327f85773345c9"
  integrity sha1-Y4aPkyWjjqXulTXYKDJ/hXczRck=
  dependencies:
    "@babel/runtime" "^7.5.5"
    dom-helpers "^5.0.1"
    loose-envify "^1.4.0"
    prop-types "^15.6.2"

react@17.0.1:
  version "17.0.1"
  resolved "https://registry.npm.taobao.org/react/download/react-17.0.1.tgz?cache=0&sync_timestamp=1603367633953&other_urls=https%3A%2F%2Fregistry.npm.taobao.org%2Freact%2Fdownload%2Freact-17.0.1.tgz#6e0600416bd57574e3f86d92edba3d9008726127"
  integrity sha1-bgYAQWvVdXTj+G2S7bo9kAhyYSc=
  dependencies:
    loose-envify "^1.1.0"
    object-assign "^4.1.1"

regenerator-runtime@^0.13.4:
  version "0.13.7"
  resolved "https://registry.npm.taobao.org/regenerator-runtime/download/regenerator-runtime-0.13.7.tgz#cac2dacc8a1ea675feaabaeb8ae833898ae46f55"
  integrity sha1-ysLazIoepnX+qrrriugziYrkb1U=

scheduler@^0.20.1:
  version "0.20.1"
  resolved "https://registry.npm.taobao.org/scheduler/download/scheduler-0.20.1.tgz?cache=0&sync_timestamp=1603367591660&other_urls=https%3A%2F%2Fregistry.npm.taobao.org%2Fscheduler%2Fdownload%2Fscheduler-0.20.1.tgz#da0b907e24026b01181ecbc75efdc7f27b5a000c"
  integrity sha1-2guQfiQCawEYHsvHXv3H8ntaAAw=
  dependencies:
    loose-envify "^1.1.0"
    object-assign "^4.1.1"

source-map-js@^1.0.1:
  version "1.0.2"
  resolved "https://registry.yarnpkg.com/source-map-js/-/source-map-js-1.0.2.tgz#adbc361d9c62df380125e7f161f71c826f1e490c"
  integrity sha512-R0XvVJ9WusLiqTCEiGCmICCMplcCkIwwR11mOSD9CR5u+IXYdiseeEuXCVAjS54zqwkLcPNnmU4OeJ6tUrWhDw==

"statuses@>= 1.2.1 < 2":
  version "1.5.0"
  resolved "https://registry.npm.taobao.org/statuses/download/statuses-1.5.0.tgz#161c7dac177659fd9811f43771fa99381478628c"
  integrity sha1-Fhx9rBd2Wf2YEfQ3cfqZOBR4Yow=

styled-jsx@5.0.0:
  version "5.0.0"
  resolved "https://registry.yarnpkg.com/styled-jsx/-/styled-jsx-5.0.0.tgz#816b4b92e07b1786c6b7111821750e0ba4d26e77"
  integrity sha512-qUqsWoBquEdERe10EW8vLp3jT25s/ssG1/qX5gZ4wu15OZpmSMFI2v+fWlRhLfykA5rFtlJ1ME8A8pm/peV4WA==

tiny-warning@^1.0.2:
  version "1.0.3"
  resolved "https://registry.npm.taobao.org/tiny-warning/download/tiny-warning-1.0.3.tgz#94a30db453df4c643d0fd566060d60a875d84754"
  integrity sha1-lKMNtFPfTGQ9D9VmBg1gqHXYR1Q=

url@^0.11.0:
  version "0.11.0"
  resolved "https://registry.npm.taobao.org/url/download/url-0.11.0.tgz#3838e97cfc60521eb73c525a8e55bfdd9e2e28f1"
  integrity sha1-ODjpfPxgUh63PFJajlW/3Z4uKPE=
  dependencies:
    punycode "1.3.2"
    querystring "0.2.0"

use-subscription@1.5.1:
  version "1.5.1"
  resolved "https://registry.yarnpkg.com/use-subscription/-/use-subscription-1.5.1.tgz#73501107f02fad84c6dd57965beb0b75c68c42d1"
  integrity sha512-Xv2a1P/yReAjAbhylMfFplFKj9GssgTwN7RlcTxBujFQcloStWNDQdc4g4NRWH9xS4i/FDk04vQBptAXoF3VcA==
  dependencies:
    object-assign "^4.1.1"

void-elements@^2.0.1:
  version "2.0.1"
  resolved "https://registry.npm.taobao.org/void-elements/download/void-elements-2.0.1.tgz#c066afb582bb1cb4128d60ea92392e94d5e9dbec"
  integrity sha1-wGavtYK7HLQSjWDqkjkulNXp2+w=
